
Microsoft Visual Studio Solution File, Format Version 12.00
# Visual Studio Version 17
VisualStudioVersion = 17.1.32210.238
MinimumVisualStudioVersion = 10.0.40219.1
Project("{FAE04EC0-301F-11D3-BF4B-00C04F79EFBC}") = "EnvironmentWebService", "EnvironmentWebService\EnvironmentWebService.csproj", "{A1252791-820C-40FD-A3D2-2E75216573D3}"
EndProject
Global
	GlobalSection(SolutionConfigurationPlatforms) = preSolution
		Debug|Any CPU = Debug|Any CPU
		Release|Any CPU = Release|Any CPU
	EndGlobalSection
	GlobalSection(ProjectConfigurationPlatforms) = postSolution
		{A1252791-820C-40FD-A3D2-2E75216573D3}.Debug|Any CPU.ActiveCfg = Debug|Any CPU
		{A1252791-820C-40FD-A3D2-2E75216573D3}.Debug|Any CPU.Build.0 = Debug|Any CPU
		{A1252791-820C-40FD-A3D2-2E75216573D3}.Release|Any CPU.ActiveCfg = Release|Any CPU
		{A1252791-820C-40FD-A3D2-2E75216573D3}.Release|Any CPU.Build.0 = Release|Any CPU
	EndGlobalSection
	GlobalSection(SolutionProperties) = preSolution
		HideSolutionNode = FALSE
	EndGlobalSection
	GlobalSection(ExtensibilityGlobals) = postSolution
		SolutionGuid = {37A4F05E-1973-4ECD-BF44-5C880AD15805}
	EndGlobalSection
EndGlobal
